absl-py==2.2.2
aiofiles==24.1.0
aiohappyeyeballs==2.6.1
aiohttp==3.12.12
aioice==0.10.1
aiortc==1.13.0
aiosignal==1.3.2
aiosqlite==0.21.0
alembic==1.15.2
altair==5.5.0
amqp==5.3.1
annotated-types==0.7.0
anthropic==0.53.0
anyio==4.9.0
appdirs==1.4.4
appnope==0.1.4
archspec @ file:///home/conda/feedstock_root/build_artifacts/archspec_1737352602016/work
arxiv==2.1.0
asgiref==3.8.1
asttokens==3.0.0
astunparse==1.6.3
attrs==25.3.0
autogen-agentchat==0.6.1
autogen-core==0.6.1
autogen-ext==0.6.1
av==14.4.0
azure-ai-agents==1.0.1
azure-ai-projects==1.0.0b11
azure-core==1.34.0
azure-identity==1.23.0
azure-storage-blob==12.25.1
babel==2.17.0
backoff==2.2.1
backrefs==5.9
bcrypt==4.3.0
beautifulsoup4==4.13.4
billiard==4.2.1
blinker==1.9.0
boltons @ file:///home/conda/feedstock_root/build_artifacts/boltons_1733827268945/work
brotli @ file:///Users/runner/miniforge3/conda-bld/brotli-split_1725267563793/work
bs4==0.0.2
build==1.2.2.post1
cachetools==5.5.2
cassandra-driver==3.29.2
cassio==0.1.10
celery==5.5.2
certifi==2025.4.26
cffi @ file:///Users/runner/miniforge3/conda-bld/cffi_1725560578465/work
cfgv==3.4.0
chardet==5.2.0
charset-normalizer==3.4.2
chroma-hnswlib==0.7.6
chromadb==0.5.23
click==8.2.1
click-didyoumean==0.3.1
click-plugins==1.1.1
click-repl==0.3.0
cloudevents==1.12.0
cohere==5.16.1
colorama @ file:///home/conda/feedstock_root/build_artifacts/colorama_1733218098505/work
coloredlogs==15.0.1
comm==0.2.2
conda @ file:///Users/runner/miniforge3/conda-bld/conda_1736460303265/work
conda-libmamba-solver @ file:///home/conda/feedstock_root/build_artifacts/conda-libmamba-solver_1727359833193/work/src
conda-package-handling @ file:///home/conda/feedstock_root/build_artifacts/conda-package-handling_1736345463896/work
conda-package-streaming @ file:///home/conda/feedstock_root/build_artifacts/conda-package-streaming_1741620732069/work
contourpy==1.3.2
crewai==0.148.0
crewai-tools==0.55.0
cryptography==45.0.4
cycler==0.12.1
dataclasses-json==0.6.7
datasets==2.19.1
debugpy==1.8.14
decorator==5.2.1
defusedxml==0.7.1
deprecated==1.2.18
deprecation==2.1.0
dill==0.3.8
distlib==0.3.9
distro @ file:///home/conda/feedstock_root/build_artifacts/distro_1734729835256/work
dnspython==2.7.0
docker==7.1.0
docstring-parser==0.16
durationpy==0.9
ecdsa==0.19.1
email-validator==2.2.0
embedchain==0.1.128
et-xmlfile==2.0.0
executing==2.2.0
faiss-cpu==1.11.0
fastapi==0.115.12
fastapi-cli==0.0.7
fastavro==1.11.1
feedparser==6.0.10
ffmpy==0.6.0
filelock==3.18.0
flask==3.0.2
flask-cors==4.0.0
flatbuffers==25.2.10
fonttools==4.57.0
frozendict @ file:///Users/runner/miniforge3/conda-bld/frozendict_1728841362247/work
frozenlist==1.7.0
fsspec==2025.5.1
gast==0.6.0
geomet==0.2.1.post1
ghp-import==2.1.0
gitdb==4.0.12
gitpython==3.1.44
google-ai-generativelanguage==0.6.15
google-api-core==2.25.1
google-api-python-client==2.173.0
google-auth==2.40.1
google-auth-httplib2==0.2.0
google-crc32c==1.7.1
google-generativeai==0.8.5
google-pasta==0.2.0
googleapis-common-protos==1.70.0
gptcache==0.1.44
gradio==5.33.1
gradio-client==1.10.3
greenlet==3.2.3
griffe==1.7.3
groovy==0.1.2
groq==0.24.0
grpcio==1.70.0
grpcio-status==1.71.0
h11==0.16.0
h2 @ file:///home/conda/feedstock_root/build_artifacts/h2_1738578511449/work
h5py==3.13.0
hf-xet==1.1.3
hpack @ file:///home/conda/feedstock_root/build_artifacts/hpack_1737618293087/work
html5lib==1.1
httpcore==1.0.9
httplib2==0.22.0
httptools==0.6.4
httpx==0.28.1
httpx-sse==0.4.0
huggingface-hub==0.32.4
humanfriendly==10.0
hyperframe @ file:///home/conda/feedstock_root/build_artifacts/hyperframe_1737618333194/work
identify==2.6.12
idna @ file:///home/conda/feedstock_root/build_artifacts/idna_1733211830134/work
ifaddr==0.2.0
importlib-metadata==8.7.0
importlib-resources==6.5.2
instructor==1.9.2
ipykernel==6.29.5
ipython==9.3.0
ipython-pygments-lexers==1.1.1
ipywidgets==8.1.7
isodate==0.7.2
itsdangerous==2.2.0
jedi==0.19.2
jinja2==3.1.6
jiter==0.10.0
joblib==1.4.2
json-repair==0.25.2
json5==0.12.0
jsonpatch @ file:///home/conda/feedstock_root/build_artifacts/jsonpatch_1733814567314/work
jsonpickle==4.1.1
jsonpointer @ file:///Users/runner/miniforge3/conda-bld/jsonpointer_1725302931775/work
jsonref==1.1.0
jsonschema==4.24.0
jsonschema-path==0.3.4
jsonschema-specifications==2025.4.1
jupyter-client==8.6.3
jupyter-core==5.7.2
jupyterlab-widgets==3.0.15
keras==3.9.2
kiwisolver==1.4.8
kombu==5.5.3
kubernetes==32.0.1
lancedb==0.24.1
langchain==0.3.25
langchain-anthropic==0.3.15
langchain-chroma==0.1.4
langchain-cohere==0.3.5
langchain-community==0.3.24
langchain-core==0.3.64
langchain-experimental==0.3.4
langchain-groq==0.3.2
langchain-huggingface==0.2.0
langchain-openai==0.2.14
langchain-openapi==0.1.1
langchain-text-splitters==0.3.8
langgraph==0.4.8
langgraph-checkpoint==2.0.26
langgraph-checkpoint-sqlite==2.0.10
langgraph-prebuilt==0.2.2
langgraph-sdk==0.1.70
langserve==0.3.1
langsmith==0.3.45
lazy-object-proxy==1.11.0
libclang==18.1.1
libmambapy @ file:///Users/runner/miniforge3/conda-bld/mamba-split_1735835787728/work/libmambapy
litellm==1.72.6
lxml==5.4.0
mako==1.3.10
mamba @ file:///Users/runner/miniforge3/conda-bld/mamba-split_1735835787728/work/mamba
markdown==3.8
markdown-it-py==3.0.0
markdownify==1.1.0
markupsafe==3.0.2
marshmallow==3.26.1
matplotlib==3.10.1
matplotlib-inline==0.1.7
mcp==1.9.3
mcp-server-fetch==2025.1.17
mdurl==0.1.2
mem0ai==0.1.114
menuinst @ file:///Users/runner/miniforge3/conda-bld/menuinst_1731147022576/work
mergedeep==1.3.4
mkdocs==1.6.1
mkdocs-get-deps==0.2.0
mkdocs-material==9.6.15
mkdocs-material-extensions==1.3.1
ml-dtypes==0.5.1
mmh3==5.1.0
monotonic==1.6
more-itertools==10.7.0
mpmath==1.3.0
msal==1.32.3
msal-extensions==1.3.1
multidict==6.4.4
multiprocess==0.70.16
mypy-extensions==1.1.0
mysql-connector-python==9.3.0
namex==0.0.8
narwhals==1.42.0
nest-asyncio==1.6.0
networkx==3.4.2
nodeenv==1.9.1
numpy==2.3.0
oauthlib==3.2.2
ollama==0.5.1
onnxruntime==1.22.0
openai==1.85.0
openai-agents==0.0.17
openapi-core==0.19.5
openapi-schema-validator==0.6.3
openapi-spec-validator==0.7.2
openpyxl==3.1.5
opentelemetry-api==1.34.1
opentelemetry-exporter-otlp-proto-common==1.34.1
opentelemetry-exporter-otlp-proto-grpc==1.34.1
opentelemetry-exporter-otlp-proto-http==1.34.1
opentelemetry-instrumentation==0.55b1
opentelemetry-instrumentation-asgi==0.55b1
opentelemetry-instrumentation-fastapi==0.55b1
opentelemetry-proto==1.34.1
opentelemetry-sdk==1.34.1
opentelemetry-semantic-conventions==0.55b1
opentelemetry-util-http==0.55b1
opt-einsum==3.4.0
optree==0.15.0
orjson==3.10.18
ormsgpack==1.10.0
overrides==7.7.0
packaging==24.2
paginate==0.5.7
pandas==2.3.0
parse==1.20.2
parso==0.8.4
pathable==0.4.4
pathspec==0.12.1
pdfminer-six==20250506
pdfplumber==0.11.7
pexpect==4.9.0
pillow==11.2.1
pip @ file:///home/conda/feedstock_root/build_artifacts/pip_1739142759263/work
platformdirs @ file:///home/conda/feedstock_root/build_artifacts/platformdirs_1733232627818/work
playwright==1.52.0
plotly==6.1.2
pluggy @ file:///home/conda/feedstock_root/build_artifacts/pluggy_1733222765875/work
polygon-api-client==1.14.6
portalocker==2.10.1
posthog==3.25.0
prance==25.4.8.0
pre-commit==4.2.0
prompt-toolkit==3.0.51
propcache==0.3.2
protego==0.4.0
proto-plus==1.26.1
protobuf==5.29.5
psutil==7.0.0
psycopg2-binary==2.9.10
ptyprocess==0.7.0
pulsar-client==3.7.0
pure-eval==0.2.3
pyarrow==19.0.1
pyarrow-hotfix==0.7
pyasn1==0.6.1
pyasn1-modules==0.4.2
pybars4==0.9.13
pybase64==1.4.1
pycosat @ file:///Users/runner/miniforge3/conda-bld/pycosat_1732588505673/work
pycparser @ file:///home/conda/feedstock_root/build_artifacts/bld/rattler-build_pycparser_1733195786/work
pydantic==2.11.5
pydantic-core==2.33.2
pydantic-extra-types==2.10.4
pydantic-settings==2.9.1
pydeck==0.9.1
pydub==0.25.1
pyee==13.0.0
pygments==2.19.1
pyjwt==2.10.1
pylibsrtp==0.12.0
pymdown-extensions==10.16
pymeta3==0.5.1
pymupdf==1.25.5
pyopenssl==25.1.0
pyparsing==3.2.3
pypdf==5.6.0
pypdf2==3.0.1
pypdfium2==4.30.1
pypika==0.48.9
pyproject-hooks==1.2.0
pyproject-toml==0.0.10
pyright==1.1.403
pysbd==0.3.4
pysocks @ file:///home/conda/feedstock_root/build_artifacts/pysocks_1733217236728/work
python-dateutil==2.9.0.post0
python-dotenv==1.1.0
python-http-client==3.3.7
python-multipart==0.0.20
pytube==15.0.0
pytz==2025.2
pyvis==0.3.2
pyyaml==6.0.2
pyyaml-env-tag==1.1
pyzmq==26.4.0
qdrant-client==1.14.3
readabilipy==0.3.0
referencing==0.36.2
regex==2024.11.6
requests==2.32.4
requests-oauthlib==2.0.0
requests-toolbelt==1.0.0
rfc3339-validator==0.1.4
rich==13.9.4
rich-toolkit==0.14.6
rpds-py==0.25.1
rsa==4.9.1
ruamel-yaml==0.18.14
ruamel-yaml-clib==0.2.12
ruff==0.11.13
safehttpx==0.1.6
safetensors==0.5.3
schema==0.7.7
scikeras==0.13.0
scikit-learn==1.6.1
scipy==1.15.3
semantic-kernel==1.32.2
semantic-version==2.10.0
sendgrid==6.12.3
sentence-transformers==4.1.0
setuptools==80.9.0
sgmllib3k==1.0.0
shellingham==1.5.4
six==1.17.0
smithery==0.1.0
smmap==5.0.2
sniffio==1.3.1
soupsieve==2.7
speedtest-cli==2.1.3
sqlalchemy==2.0.41
sqlite-vec==0.1.6
sse-starlette==2.3.6
stack-data==0.6.3
starlette==0.46.2
streamlit==1.44.1
sympy==1.14.0
tabulate==0.9.0
tenacity==9.1.2
tensorboard==2.19.0
tensorboard-data-server==0.7.2
tensorflow==2.19.0
termcolor==3.0.1
tf-keras==2.19.0
threadpoolctl==3.6.0
tiktoken==0.9.0
tokenizers==0.20.3
toml==0.10.2
tomli==2.2.1
tomli-w==1.2.0
tomlkit==0.13.3
torch==2.7.0
torchvision==0.22.0
tornado==6.4.2
tqdm @ file:///home/conda/feedstock_root/build_artifacts/tqdm_1735661334605/work
traitlets==5.14.3
transformers==4.51.3
truststore @ file:///home/conda/feedstock_root/build_artifacts/bld/rattler-build_truststore_1739009763/work
typer==0.16.0
types-requests==2.32.0.20250602
typing-extensions==4.14.0
typing-inspect==0.9.0
typing-inspection==0.4.1
tzdata==2025.2
ujson==5.10.0
uritemplate==4.2.0
urllib3==2.4.0
uv==0.7.20
uvicorn==0.34.3
uvloop==0.21.0
vine==5.1.0
virtualenv==20.31.2
watchdog==6.0.0
watchfiles==1.0.5
wcwidth==0.2.13
webencodings==0.5.1
websocket-client==1.8.0
websockets==14.2
werkzeug==3.1.1
wheel==0.45.1
widgetsnbextension==4.0.14
wikipedia==1.4.0
wrapt==1.17.2
xxhash==3.5.0
yarl==1.20.1
zipp==3.23.0
zstandard==0.23.0
